
Microsoft Visual Studio Solution File, Format Version 12.00
# Visual Studio Version 17
VisualStudioVersion = 17.5.002.0
MinimumVisualStudioVersion = 10.0.40219.1
Project("{9A19103F-16F7-4668-BE54-9A1E7A4F7556}") = "Abstract Factory", "Abstract Factory.csproj", "{1544ADA2-7D8D-44DD-85B9-C86F40AB502D}"
EndProject
Global
	GlobalSection(SolutionConfigurationPlatforms) = preSolution
		Debug|Any CPU = Debug|Any CPU
		Release|Any CPU = Release|Any CPU
	EndGlobalSection
	GlobalSection(ProjectConfigurationPlatforms) = postSolution
		{1544ADA2-7D8D-44DD-85B9-C86F40AB502D}.Debug|Any CPU.ActiveCfg = Debug|Any CPU
		{1544ADA2-7D8D-44DD-85B9-C86F40AB502D}.Debug|Any CPU.Build.0 = Debug|Any CPU
		{1544ADA2-7D8D-44DD-85B9-C86F40AB502D}.Release|Any CPU.ActiveCfg = Release|Any CPU
		{1544ADA2-7D8D-44DD-85B9-C86F40AB502D}.Release|Any CPU.Build.0 = Release|Any CPU
	EndGlobalSection
	GlobalSection(SolutionProperties) = preSolution
		HideSolutionNode = FALSE
	EndGlobalSection
	GlobalSection(ExtensibilityGlobals) = postSolution
		SolutionGuid = {EE229AC9-1BED-4E30-B52F-862416B6B694}
	EndGlobalSection
EndGlobal
